
Microsoft Visual Studio Solution File, Format Version 12.00
# Visual Studio 15
VisualStudioVersion = 15.0.28307.539
MinimumVisualStudioVersion = 10.0.40219.1
Project("{8BC9CEB8-8B4A-11D0-8D11-00A0C91BC942}") = "RVS19_SPA_DZ_02", "RVS19_SPA_DZ_02\RVS19_SPA_DZ_02.vcxproj", "{22E3E948-4A0A-4EED-814A-B475DF3F2070}"
EndProject
Global
	GlobalSection(SolutionConfigurationPlatforms) = preSolution
		Debug|x64 = Debug|x64
		Debug|x86 = Debug|x86
		Release|x64 = Release|x64
		Release|x86 = Release|x86
	EndGlobalSection
	GlobalSection(ProjectConfigurationPlatforms) = postSolution
		{22E3E948-4A0A-4EED-814A-B475DF3F2070}.Debug|x64.ActiveCfg = Debug|x64
		{22E3E948-4A0A-4EED-814A-B475DF3F2070}.Debug|x64.Build.0 = Debug|x64
		{22E3E948-4A0A-4EED-814A-B475DF3F2070}.Debug|x86.ActiveCfg = Debug|Win32
		{22E3E948-4A0A-4EED-814A-B475DF3F2070}.Debug|x86.Build.0 = Debug|Win32
		{22E3E948-4A0A-4EED-814A-B475DF3F2070}.Release|x64.ActiveCfg = Release|x64
		{22E3E948-4A0A-4EED-814A-B475DF3F2070}.Release|x64.Build.0 = Release|x64
		{22E3E948-4A0A-4EED-814A-B475DF3F2070}.Release|x86.ActiveCfg = Release|Win32
		{22E3E948-4A0A-4EED-814A-B475DF3F2070}.Release|x86.Build.0 = Release|Win32
	EndGlobalSection
	GlobalSection(SolutionProperties) = preSolution
		HideSolutionNode = FALSE
	EndGlobalSection
	GlobalSection(ExtensibilityGlobals) = postSolution
		SolutionGuid = {D418AC56-FB5F-4715-AB9E-BA29CFEA3109}
	EndGlobalSection
EndGlobal
